
Microsoft Visual Studio Solution File, Format Version 12.00
# Visual Studio 14
VisualStudioVersion = 14.0.25420.1
MinimumVisualStudioVersion = 10.0.40219.1
Project("{8BC9CEB8-8B4A-11D0-8D11-00A0C91BC942}") = "IDCardFdv", "IDCardFdv\IDCardFdv.vcxproj", "{4E13108A-6E77-451D-AB02-57EB8DB57B98}"
EndProject
Project("{8BC9CEB8-8B4A-11D0-8D11-00A0C91BC942}") = "IDCardFdvRegister", "IDCardFdvRegister\IDCardFdvRegister.vcxproj", "{42070137-7C84-4B0E-9B3A-0569320541B7}"
EndProject
Project("{8BC9CEB8-8B4A-11D0-8D11-00A0C91BC942}") = "MTLibIDCardReader", "MTLibIDCardReader\MTLibIDCardReader.vcxproj", "{0FA22BF2-A169-4A24-9A73-C66CAB90F09C}"
EndProject
Project("{8BC9CEB8-8B4A-11D0-8D11-00A0C91BC942}") = "MTLibNetwork", "MTLibNetwork\MTLibNetwork.vcxproj", "{4CB51917-F583-4F13-B140-3621C6C8D9A2}"
EndProject
Project("{8BC9CEB8-8B4A-11D0-8D11-00A0C91BC942}") = "MTLibCamera", "MTLibCamera\MTLibCamera.vcxproj", "{B33CA7E2-5171-425B-AC0E-9270B495CECC}"
EndProject
Project("{8BC9CEB8-8B4A-11D0-8D11-00A0C91BC942}") = "qrencode", "qrencode\qrencode.vcxproj", "{C70AC535-305F-43A2-AAF8-6464A1A20B3D}"
EndProject
Project("{6141683F-8A12-4E36-9623-2EB02B2C2303}") = "IDCardFdvSetup", "IDCardFdvSetup\IDCardFdvSetup.isproj", "{286389C9-54C7-4F44-9D49-A5B43195AE70}"
EndProject
Project("{8BC9CEB8-8B4A-11D0-8D11-00A0C91BC942}") = "IDCardFdvStartup", "IDCardFdvStartup\IDCardFdvStartup.vcxproj", "{A7E591BD-EECA-41F8-9A07-088083640B32}"
EndProject
Global
	GlobalSection(SolutionConfigurationPlatforms) = preSolution
		CD_ROM|x64 = CD_ROM|x64
		CD_ROM|x86 = CD_ROM|x86
		Debug|x64 = Debug|x64
		Debug|x86 = Debug|x86
		DVD-5|x64 = DVD-5|x64
		DVD-5|x86 = DVD-5|x86
		Release|x64 = Release|x64
		Release|x86 = Release|x86
		SingleImage|x64 = SingleImage|x64
		SingleImage|x86 = SingleImage|x86
	EndGlobalSection
	GlobalSection(ProjectConfigurationPlatforms) = postSolution
		{4E13108A-6E77-451D-AB02-57EB8DB57B98}.CD_ROM|x64.ActiveCfg = Release|x64
		{4E13108A-6E77-451D-AB02-57EB8DB57B98}.CD_ROM|x64.Build.0 = Release|x64
		{4E13108A-6E77-451D-AB02-57EB8DB57B98}.CD_ROM|x86.ActiveCfg = Release|Win32
		{4E13108A-6E77-451D-AB02-57EB8DB57B98}.CD_ROM|x86.Build.0 = Release|Win32
		{4E13108A-6E77-451D-AB02-57EB8DB57B98}.Debug|x64.ActiveCfg = Debug|x64
		{4E13108A-6E77-451D-AB02-57EB8DB57B98}.Debug|x64.Build.0 = Debug|x64
		{4E13108A-6E77-451D-AB02-57EB8DB57B98}.Debug|x86.ActiveCfg = Debug|Win32
		{4E13108A-6E77-451D-AB02-57EB8DB57B98}.Debug|x86.Build.0 = Debug|Win32
		{4E13108A-6E77-451D-AB02-57EB8DB57B98}.DVD-5|x64.ActiveCfg = Debug|x64
		{4E13108A-6E77-451D-AB02-57EB8DB57B98}.DVD-5|x64.Build.0 = Debug|x64
		{4E13108A-6E77-451D-AB02-57EB8DB57B98}.DVD-5|x86.ActiveCfg = Debug|Win32
		{4E13108A-6E77-451D-AB02-57EB8DB57B98}.DVD-5|x86.Build.0 = Debug|Win32
		{4E13108A-6E77-451D-AB02-57EB8DB57B98}.Release|x64.ActiveCfg = Release|x64
		{4E13108A-6E77-451D-AB02-57EB8DB57B98}.Release|x64.Build.0 = Release|x64
		{4E13108A-6E77-451D-AB02-57EB8DB57B98}.Release|x86.ActiveCfg = Release|Win32
		{4E13108A-6E77-451D-AB02-57EB8DB57B98}.Release|x86.Build.0 = Release|Win32
		{4E13108A-6E77-451D-AB02-57EB8DB57B98}.SingleImage|x64.ActiveCfg = Release|x64
		{4E13108A-6E77-451D-AB02-57EB8DB57B98}.SingleImage|x64.Build.0 = Release|x64
		{4E13108A-6E77-451D-AB02-57EB8DB57B98}.SingleImage|x86.ActiveCfg = Release|Win32
		{4E13108A-6E77-451D-AB02-57EB8DB57B98}.SingleImage|x86.Build.0 = Release|Win32
		{42070137-7C84-4B0E-9B3A-0569320541B7}.CD_ROM|x64.ActiveCfg = Release|x64
		{42070137-7C84-4B0E-9B3A-0569320541B7}.CD_ROM|x64.Build.0 = Release|x64
		{42070137-7C84-4B0E-9B3A-0569320541B7}.CD_ROM|x86.ActiveCfg = Release|Win32
		{42070137-7C84-4B0E-9B3A-0569320541B7}.CD_ROM|x86.Build.0 = Release|Win32
		{42070137-7C84-4B0E-9B3A-0569320541B7}.Debug|x64.ActiveCfg = Debug|x64
		{42070137-7C84-4B0E-9B3A-0569320541B7}.Debug|x64.Build.0 = Debug|x64
		{42070137-7C84-4B0E-9B3A-0569320541B7}.Debug|x86.ActiveCfg = Debug|Win32
		{42070137-7C84-4B0E-9B3A-0569320541B7}.Debug|x86.Build.0 = Debug|Win32
		{42070137-7C84-4B0E-9B3A-0569320541B7}.DVD-5|x64.ActiveCfg = Debug|x64
		{42070137-7C84-4B0E-9B3A-0569320541B7}.DVD-5|x64.Build.0 = Debug|x64
		{42070137-7C84-4B0E-9B3A-0569320541B7}.DVD-5|x86.ActiveCfg = Debug|Win32
		{42070137-7C84-4B0E-9B3A-0569320541B7}.DVD-5|x86.Build.0 = Debug|Win32
		{42070137-7C84-4B0E-9B3A-0569320541B7}.Release|x64.ActiveCfg = Release|x64
		{42070137-7C84-4B0E-9B3A-0569320541B7}.Release|x64.Build.0 = Release|x64
		{42070137-7C84-4B0E-9B3A-0569320541B7}.Release|x86.ActiveCfg = Release|Win32
		{42070137-7C84-4B0E-9B3A-0569320541B7}.Release|x86.Build.0 = Release|Win32
		{42070137-7C84-4B0E-9B3A-0569320541B7}.SingleImage|x64.ActiveCfg = Release|x64
		{42070137-7C84-4B0E-9B3A-0569320541B7}.SingleImage|x64.Build.0 = Release|x64
		{42070137-7C84-4B0E-9B3A-0569320541B7}.SingleImage|x86.ActiveCfg = Release|Win32
		{42070137-7C84-4B0E-9B3A-0569320541B7}.SingleImage|x86.Build.0 = Release|Win32
		{0FA22BF2-A169-4A24-9A73-C66CAB90F09C}.CD_ROM|x64.ActiveCfg = Release|x64
		{0FA22BF2-A169-4A24-9A73-C66CAB90F09C}.CD_ROM|x64.Build.0 = Release|x64
		{0FA22BF2-A169-4A24-9A73-C66CAB90F09C}.CD_ROM|x86.ActiveCfg = Release|Win32
		{0FA22BF2-A169-4A24-9A73-C66CAB90F09C}.CD_ROM|x86.Build.0 = Release|Win32
		{0FA22BF2-A169-4A24-9A73-C66CAB90F09C}.Debug|x64.ActiveCfg = Debug|x64
		{0FA22BF2-A169-4A24-9A73-C66CAB90F09C}.Debug|x64.Build.0 = Debug|x64
		{0FA22BF2-A169-4A24-9A73-C66CAB90F09C}.Debug|x86.ActiveCfg = Debug|Win32
		{0FA22BF2-A169-4A24-9A73-C66CAB90F09C}.Debug|x86.Build.0 = Debug|Win32
		{0FA22BF2-A169-4A24-9A73-C66CAB90F09C}.DVD-5|x64.ActiveCfg = Debug|x64
		{0FA22BF2-A169-4A24-9A73-C66CAB90F09C}.DVD-5|x64.Build.0 = Debug|x64
		{0FA22BF2-A169-4A24-9A73-C66CAB90F09C}.DVD-5|x86.ActiveCfg = Debug|Win32
		{0FA22BF2-A169-4A24-9A73-C66CAB90F09C}.DVD-5|x86.Build.0 = Debug|Win32
		{0FA22BF2-A169-4A24-9A73-C66CAB90F09C}.Release|x64.ActiveCfg = Release|x64
		{0FA22BF2-A169-4A24-9A73-C66CAB90F09C}.Release|x64.Build.0 = Release|x64
		{0FA22BF2-A169-4A24-9A73-C66CAB90F09C}.Release|x86.ActiveCfg = Release|Win32
		{0FA22BF2-A169-4A24-9A73-C66CAB90F09C}.Release|x86.Build.0 = Release|Win32
		{0FA22BF2-A169-4A24-9A73-C66CAB90F09C}.SingleImage|x64.ActiveCfg = Release|x64
		{0FA22BF2-A169-4A24-9A73-C66CAB90F09C}.SingleImage|x64.Build.0 = Release|x64
		{0FA22BF2-A169-4A24-9A73-C66CAB90F09C}.SingleImage|x86.ActiveCfg = Release|Win32
		{0FA22BF2-A169-4A24-9A73-C66CAB90F09C}.SingleImage|x86.Build.0 = Release|Win32
		{4CB51917-F583-4F13-B140-3621C6C8D9A2}.CD_ROM|x64.ActiveCfg = Release|x64
		{4CB51917-F583-4F13-B140-3621C6C8D9A2}.CD_ROM|x64.Build.0 = Release|x64
		{4CB51917-F583-4F13-B140-3621C6C8D9A2}.CD_ROM|x86.ActiveCfg = Release|Win32
		{4CB51917-F583-4F13-B140-3621C6C8D9A2}.CD_ROM|x86.Build.0 = Release|Win32
		{4CB51917-F583-4F13-B140-3621C6C8D9A2}.Debug|x64.ActiveCfg = Debug|x64
		{4CB51917-F583-4F13-B140-3621C6C8D9A2}.Debug|x64.Build.0 = Debug|x64
		{4CB51917-F583-4F13-B140-3621C6C8D9A2}.Debug|x86.ActiveCfg = Debug|Win32
		{4CB51917-F583-4F13-B140-3621C6C8D9A2}.Debug|x86.Build.0 = Debug|Win32
		{4CB51917-F583-4F13-B140-3621C6C8D9A2}.DVD-5|x64.ActiveCfg = Debug|x64
		{4CB51917-F583-4F13-B140-3621C6C8D9A2}.DVD-5|x64.Build.0 = Debug|x64
		{4CB51917-F583-4F13-B140-3621C6C8D9A2}.DVD-5|x86.ActiveCfg = Debug|Win32
		{4CB51917-F583-4F13-B140-3621C6C8D9A2}.DVD-5|x86.Build.0 = Debug|Win32
		{4CB51917-F583-4F13-B140-3621C6C8D9A2}.Release|x64.ActiveCfg = Release|x64
		{4CB51917-F583-4F13-B140-3621C6C8D9A2}.Release|x64.Build.0 = Release|x64
		{4CB51917-F583-4F13-B140-3621C6C8D9A2}.Release|x86.ActiveCfg = Release|Win32
		{4CB51917-F583-4F13-B140-3621C6C8D9A2}.Release|x86.Build.0 = Release|Win32
		{4CB51917-F583-4F13-B140-3621C6C8D9A2}.SingleImage|x64.ActiveCfg = Release|x64
		{4CB51917-F583-4F13-B140-3621C6C8D9A2}.SingleImage|x64.Build.0 = Release|x64
		{4CB51917-F583-4F13-B140-3621C6C8D9A2}.SingleImage|x86.ActiveCfg = Release|Win32
		{4CB51917-F583-4F13-B140-3621C6C8D9A2}.SingleImage|x86.Build.0 = Release|Win32
		{B33CA7E2-5171-425B-AC0E-9270B495CECC}.CD_ROM|x64.ActiveCfg = Release|x64
		{B33CA7E2-5171-425B-AC0E-9270B495CECC}.CD_ROM|x64.Build.0 = Release|x64
		{B33CA7E2-5171-425B-AC0E-9270B495CECC}.CD_ROM|x86.ActiveCfg = Release|Win32
		{B33CA7E2-5171-425B-AC0E-9270B495CECC}.CD_ROM|x86.Build.0 = Release|Win32
		{B33CA7E2-5171-425B-AC0E-9270B495CECC}.Debug|x64.ActiveCfg = Debug|x64
		{B33CA7E2-5171-425B-AC0E-9270B495CECC}.Debug|x64.Build.0 = Debug|x64
		{B33CA7E2-5171-425B-AC0E-9270B495CECC}.Debug|x86.ActiveCfg = Debug|Win32
		{B33CA7E2-5171-425B-AC0E-9270B495CECC}.Debug|x86.Build.0 = Debug|Win32
		{B33CA7E2-5171-425B-AC0E-9270B495CECC}.DVD-5|x64.ActiveCfg = Debug|x64
		{B33CA7E2-5171-425B-AC0E-9270B495CECC}.DVD-5|x64.Build.0 = Debug|x64
		{B33CA7E2-5171-425B-AC0E-9270B495CECC}.DVD-5|x86.ActiveCfg = Debug|Win32
		{B33CA7E2-5171-425B-AC0E-9270B495CECC}.DVD-5|x86.Build.0 = Debug|Win32
		{B33CA7E2-5171-425B-AC0E-9270B495CECC}.Release|x64.ActiveCfg = Release|x64
		{B33CA7E2-5171-425B-AC0E-9270B495CECC}.Release|x64.Build.0 = Release|x64
		{B33CA7E2-5171-425B-AC0E-9270B495CECC}.Release|x86.ActiveCfg = Release|Win32
		{B33CA7E2-5171-425B-AC0E-9270B495CECC}.Release|x86.Build.0 = Release|Win32
		{B33CA7E2-5171-425B-AC0E-9270B495CECC}.SingleImage|x64.ActiveCfg = Release|x64
		{B33CA7E2-5171-425B-AC0E-9270B495CECC}.SingleImage|x64.Build.0 = Release|x64
		{B33CA7E2-5171-425B-AC0E-9270B495CECC}.SingleImage|x86.ActiveCfg = Release|Win32
		{B33CA7E2-5171-425B-AC0E-9270B495CECC}.SingleImage|x86.Build.0 = Release|Win32
		{C70AC535-305F-43A2-AAF8-6464A1A20B3D}.CD_ROM|x64.ActiveCfg = Release|x64
		{C70AC535-305F-43A2-AAF8-6464A1A20B3D}.CD_ROM|x64.Build.0 = Release|x64
		{C70AC535-305F-43A2-AAF8-6464A1A20B3D}.CD_ROM|x86.ActiveCfg = Release|Win32
		{C70AC535-305F-43A2-AAF8-6464A1A20B3D}.CD_ROM|x86.Build.0 = Release|Win32
		{C70AC535-305F-43A2-AAF8-6464A1A20B3D}.Debug|x64.ActiveCfg = Debug|x64
		{C70AC535-305F-43A2-AAF8-6464A1A20B3D}.Debug|x64.Build.0 = Debug|x64
		{C70AC535-305F-43A2-AAF8-6464A1A20B3D}.Debug|x86.ActiveCfg = Debug|Win32
		{C70AC535-305F-43A2-AAF8-6464A1A20B3D}.Debug|x86.Build.0 = Debug|Win32
		{C70AC535-305F-43A2-AAF8-6464A1A20B3D}.DVD-5|x64.ActiveCfg = Debug|x64
		{C70AC535-305F-43A2-AAF8-6464A1A20B3D}.DVD-5|x64.Build.0 = Debug|x64
		{C70AC535-305F-43A2-AAF8-6464A1A20B3D}.DVD-5|x86.ActiveCfg = Debug|Win32
		{C70AC535-305F-43A2-AAF8-6464A1A20B3D}.DVD-5|x86.Build.0 = Debug|Win32
		{C70AC535-305F-43A2-AAF8-6464A1A20B3D}.Release|x64.ActiveCfg = Release|x64
		{C70AC535-305F-43A2-AAF8-6464A1A20B3D}.Release|x64.Build.0 = Release|x64
		{C70AC535-305F-43A2-AAF8-6464A1A20B3D}.Release|x86.ActiveCfg = Release|Win32
		{C70AC535-305F-43A2-AAF8-6464A1A20B3D}.Release|x86.Build.0 = Release|Win32
		{C70AC535-305F-43A2-AAF8-6464A1A20B3D}.SingleImage|x64.ActiveCfg = Release|x64
		{C70AC535-305F-43A2-AAF8-6464A1A20B3D}.SingleImage|x64.Build.0 = Release|x64
		{C70AC535-305F-43A2-AAF8-6464A1A20B3D}.SingleImage|x86.ActiveCfg = Release|Win32
		{C70AC535-305F-43A2-AAF8-6464A1A20B3D}.SingleImage|x86.Build.0 = Release|Win32
		{286389C9-54C7-4F44-9D49-A5B43195AE70}.CD_ROM|x64.ActiveCfg = CD_ROM
		{286389C9-54C7-4F44-9D49-A5B43195AE70}.CD_ROM|x64.Build.0 = CD_ROM
		{286389C9-54C7-4F44-9D49-A5B43195AE70}.CD_ROM|x86.ActiveCfg = CD_ROM
		{286389C9-54C7-4F44-9D49-A5B43195AE70}.CD_ROM|x86.Build.0 = CD_ROM
		{286389C9-54C7-4F44-9D49-A5B43195AE70}.Debug|x64.ActiveCfg = DVD-5
		{286389C9-54C7-4F44-9D49-A5B43195AE70}.Debug|x64.Build.0 = DVD-5
		{286389C9-54C7-4F44-9D49-A5B43195AE70}.Debug|x86.ActiveCfg = DVD-5
		{286389C9-54C7-4F44-9D49-A5B43195AE70}.Debug|x86.Build.0 = DVD-5
		{286389C9-54C7-4F44-9D49-A5B43195AE70}.DVD-5|x64.ActiveCfg = DVD-5
		{286389C9-54C7-4F44-9D49-A5B43195AE70}.DVD-5|x64.Build.0 = DVD-5
		{286389C9-54C7-4F44-9D49-A5B43195AE70}.DVD-5|x86.ActiveCfg = DVD-5
		{286389C9-54C7-4F44-9D49-A5B43195AE70}.DVD-5|x86.Build.0 = DVD-5
		{286389C9-54C7-4F44-9D49-A5B43195AE70}.Release|x64.ActiveCfg = SingleImage
		{286389C9-54C7-4F44-9D49-A5B43195AE70}.Release|x64.Build.0 = SingleImage
		{286389C9-54C7-4F44-9D49-A5B43195AE70}.Release|x86.ActiveCfg = SingleImage
		{286389C9-54C7-4F44-9D49-A5B43195AE70}.Release|x86.Build.0 = SingleImage
		{286389C9-54C7-4F44-9D49-A5B43195AE70}.SingleImage|x64.ActiveCfg = SingleImage
		{286389C9-54C7-4F44-9D49-A5B43195AE70}.SingleImage|x64.Build.0 = SingleImage
		{286389C9-54C7-4F44-9D49-A5B43195AE70}.SingleImage|x86.ActiveCfg = SingleImage
		{286389C9-54C7-4F44-9D49-A5B43195AE70}.SingleImage|x86.Build.0 = SingleImage
		{A7E591BD-EECA-41F8-9A07-088083640B32}.CD_ROM|x64.ActiveCfg = Release|x64
		{A7E591BD-EECA-41F8-9A07-088083640B32}.CD_ROM|x64.Build.0 = Release|x64
		{A7E591BD-EECA-41F8-9A07-088083640B32}.CD_ROM|x86.ActiveCfg = Release|Win32
		{A7E591BD-EECA-41F8-9A07-088083640B32}.CD_ROM|x86.Build.0 = Release|Win32
		{A7E591BD-EECA-41F8-9A07-088083640B32}.Debug|x64.ActiveCfg = Debug|x64
		{A7E591BD-EECA-41F8-9A07-088083640B32}.Debug|x64.Build.0 = Debug|x64
		{A7E591BD-EECA-41F8-9A07-088083640B32}.Debug|x86.ActiveCfg = Debug|Win32
		{A7E591BD-EECA-41F8-9A07-088083640B32}.Debug|x86.Build.0 = Debug|Win32
		{A7E591BD-EECA-41F8-9A07-088083640B32}.DVD-5|x64.ActiveCfg = Debug|x64
		{A7E591BD-EECA-41F8-9A07-088083640B32}.DVD-5|x64.Build.0 = Debug|x64
		{A7E591BD-EECA-41F8-9A07-088083640B32}.DVD-5|x86.ActiveCfg = Debug|Win32
		{A7E591BD-EECA-41F8-9A07-088083640B32}.DVD-5|x86.Build.0 = Debug|Win32
		{A7E591BD-EECA-41F8-9A07-088083640B32}.Release|x64.ActiveCfg = Release|x64
		{A7E591BD-EECA-41F8-9A07-088083640B32}.Release|x64.Build.0 = Release|x64
		{A7E591BD-EECA-41F8-9A07-088083640B32}.Release|x86.ActiveCfg = Release|Win32
		{A7E591BD-EECA-41F8-9A07-088083640B32}.Release|x86.Build.0 = Release|Win32
		{A7E591BD-EECA-41F8-9A07-088083640B32}.SingleImage|x64.ActiveCfg = Release|x64
		{A7E591BD-EECA-41F8-9A07-088083640B32}.SingleImage|x64.Build.0 = Release|x64
		{A7E591BD-EECA-41F8-9A07-088083640B32}.SingleImage|x86.ActiveCfg = Release|Win32
		{A7E591BD-EECA-41F8-9A07-088083640B32}.SingleImage|x86.Build.0 = Release|Win32
	EndGlobalSection
	GlobalSection(SolutionProperties) = preSolution
		HideSolutionNode = FALSE
	EndGlobalSection
EndGlobal
