
Microsoft Visual Studio Solution File, Format Version 12.00
# Visual Studio 14
VisualStudioVersion = 14.0.25420.1
MinimumVisualStudioVersion = 10.0.40219.1
Project("{8BC9CEB8-8B4A-11D0-8D11-00A0C91BC942}") = "IDCardFdv", "IDCardFdv\IDCardFdv.vcxproj", "{4E13108A-6E77-451D-AB02-57EB8DB57B98}"
EndProject
Project("{8BC9CEB8-8B4A-11D0-8D11-00A0C91BC942}") = "IDCardFdvRegister", "IDCardFdvRegister\IDCardFdvRegister.vcxproj", "{42070137-7C84-4B0E-9B3A-0569320541B7}"
EndProject
Project("{8BC9CEB8-8B4A-11D0-8D11-00A0C91BC942}") = "MTLibIDCardReader", "MTLibIDCardReader\MTLibIDCardReader.vcxproj", "{0FA22BF2-A169-4A24-9A73-C66CAB90F09C}"
EndProject
Global
	GlobalSection(SolutionConfigurationPlatforms) = preSolution
		Debug|x64 = Debug|x64
		Debug|x86 = Debug|x86
		Release|x64 = Release|x64
		Release|x86 = Release|x86
	EndGlobalSection
	GlobalSection(ProjectConfigurationPlatforms) = postSolution
		{4E13108A-6E77-451D-AB02-57EB8DB57B98}.Debug|x64.ActiveCfg = Debug|x64
		{4E13108A-6E77-451D-AB02-57EB8DB57B98}.Debug|x64.Build.0 = Debug|x64
		{4E13108A-6E77-451D-AB02-57EB8DB57B98}.Debug|x86.ActiveCfg = Debug|Win32
		{4E13108A-6E77-451D-AB02-57EB8DB57B98}.Debug|x86.Build.0 = Debug|Win32
		{4E13108A-6E77-451D-AB02-57EB8DB57B98}.Release|x64.ActiveCfg = Release|x64
		{4E13108A-6E77-451D-AB02-57EB8DB57B98}.Release|x64.Build.0 = Release|x64
		{4E13108A-6E77-451D-AB02-57EB8DB57B98}.Release|x86.ActiveCfg = Release|Win32
		{4E13108A-6E77-451D-AB02-57EB8DB57B98}.Release|x86.Build.0 = Release|Win32
		{42070137-7C84-4B0E-9B3A-0569320541B7}.Debug|x64.ActiveCfg = Debug|x64
		{42070137-7C84-4B0E-9B3A-0569320541B7}.Debug|x64.Build.0 = Debug|x64
		{42070137-7C84-4B0E-9B3A-0569320541B7}.Debug|x86.ActiveCfg = Debug|Win32
		{42070137-7C84-4B0E-9B3A-0569320541B7}.Debug|x86.Build.0 = Debug|Win32
		{42070137-7C84-4B0E-9B3A-0569320541B7}.Release|x64.ActiveCfg = Release|x64
		{42070137-7C84-4B0E-9B3A-0569320541B7}.Release|x64.Build.0 = Release|x64
		{42070137-7C84-4B0E-9B3A-0569320541B7}.Release|x86.ActiveCfg = Release|Win32
		{42070137-7C84-4B0E-9B3A-0569320541B7}.Release|x86.Build.0 = Release|Win32
		{0FA22BF2-A169-4A24-9A73-C66CAB90F09C}.Debug|x64.ActiveCfg = Debug|x64
		{0FA22BF2-A169-4A24-9A73-C66CAB90F09C}.Debug|x64.Build.0 = Debug|x64
		{0FA22BF2-A169-4A24-9A73-C66CAB90F09C}.Debug|x86.ActiveCfg = Debug|Win32
		{0FA22BF2-A169-4A24-9A73-C66CAB90F09C}.Debug|x86.Build.0 = Debug|Win32
		{0FA22BF2-A169-4A24-9A73-C66CAB90F09C}.Release|x64.ActiveCfg = Release|x64
		{0FA22BF2-A169-4A24-9A73-C66CAB90F09C}.Release|x64.Build.0 = Release|x64
		{0FA22BF2-A169-4A24-9A73-C66CAB90F09C}.Release|x86.ActiveCfg = Release|Win32
		{0FA22BF2-A169-4A24-9A73-C66CAB90F09C}.Release|x86.Build.0 = Release|Win32
	EndGlobalSection
	GlobalSection(SolutionProperties) = preSolution
		HideSolutionNode = FALSE
	EndGlobalSection
EndGlobal
